# This file is automatically @generated by Cargo.
# It is not intended for manual editing.
version = 3

[[package]]
name = "wp-app"
version = "0.0.1"
dependencies = [
 "wp-asn1",
 "wp-cipher",
 "wp-crypt",
 "wp-dict",
 "wp-doc",
 "wp-docx",
 "wp-hash",
 "wp-html",
 "wp-image",
 "wp-layout",
 "wp-odt",
 "wp-ole",
 "wp-opc",
 "wp-pdf",
 "wp-raster",
 "wp-rsa",
 "wp-rtf",
 "wp-segment",
 "wp-shell",
 "wp-sign",
 "wp-svg",
 "wp-text",
 "wp-vba",
]

[[package]]
name = "wp-asn1"
version = "0.0.1"

[[package]]
name = "wp-bidi"
version = "0.0.1"

[[package]]
name = "wp-break"
version = "0.0.1"

[[package]]
name = "wp-cipher"
version = "0.0.1"
dependencies = [
 "wp-hash",
]

[[package]]
name = "wp-cli"
version = "0.0.1"
dependencies = [
 "wp-asn1",
 "wp-bidi",
 "wp-break",
 "wp-doc",
 "wp-docx",
 "wp-html",
 "wp-image",
 "wp-layout",
 "wp-normal",
 "wp-odt",
 "wp-opc",
 "wp-pdf",
 "wp-raster",
 "wp-rsa",
 "wp-rtf",
 "wp-segment",
 "wp-sign",
 "wp-vba",
]

[[package]]
name = "wp-crypt"
version = "0.0.1"
dependencies = [
 "wp-cipher",
 "wp-hash",
 "wp-ole",
 "wp-text",
 "wp-xml",
]

[[package]]
name = "wp-deflate"
version = "0.0.1"

[[package]]
name = "wp-dict"
version = "0.0.1"
dependencies = [
 "wp-deflate",
]

[[package]]
name = "wp-doc"
version = "0.0.1"
dependencies = [
 "wp-cipher",
 "wp-crypt",
 "wp-deflate",
 "wp-docx",
 "wp-hash",
 "wp-image",
 "wp-ole",
 "wp-raster",
 "wp-text",
]

[[package]]
name = "wp-docx"
version = "0.0.1"
dependencies = [
 "wp-crypt",
 "wp-dict",
 "wp-grammar",
 "wp-hash",
 "wp-image",
 "wp-normal",
 "wp-ole",
 "wp-opc",
 "wp-segment",
 "wp-sign",
 "wp-text",
 "wp-xml",
 "wp-zip",
]

[[package]]
name = "wp-font"
version = "0.0.1"

[[package]]
name = "wp-grammar"
version = "0.0.1"
dependencies = [
 "wp-dict",
]

[[package]]
name = "wp-hash"
version = "0.0.1"

[[package]]
name = "wp-html"
version = "0.0.1"
dependencies = [
 "wp-docx",
 "wp-image",
 "wp-text",
]

[[package]]
name = "wp-image"
version = "0.0.1"
dependencies = [
 "wp-deflate",
 "wp-font",
 "wp-raster",
]

[[package]]
name = "wp-layout"
version = "0.0.1"
dependencies = [
 "wp-bidi",
 "wp-break",
 "wp-deflate",
 "wp-dict",
 "wp-docx",
 "wp-font",
 "wp-image",
 "wp-raster",
 "wp-segment",
 "wp-shape",
 "wp-svg",
 "wp-xml",
]

[[package]]
name = "wp-normal"
version = "0.0.1"

[[package]]
name = "wp-odt"
version = "0.0.1"
dependencies = [
 "wp-docx",
 "wp-image",
 "wp-raster",
 "wp-xml",
 "wp-zip",
]

[[package]]
name = "wp-ole"
version = "0.0.1"

[[package]]
name = "wp-opc"
version = "0.0.1"
dependencies = [
 "wp-xml",
 "wp-zip",
]

[[package]]
name = "wp-pdf"
version = "0.0.1"
dependencies = [
 "wp-cipher",
 "wp-deflate",
 "wp-docx",
 "wp-font",
 "wp-hash",
 "wp-image",
 "wp-layout",
 "wp-raster",
 "wp-text",
 "wp-zip",
]

[[package]]
name = "wp-raster"
version = "0.0.1"
dependencies = [
 "wp-deflate",
]

[[package]]
name = "wp-rsa"
version = "0.0.1"
dependencies = [
 "wp-asn1",
 "wp-hash",
]

[[package]]
name = "wp-rtf"
version = "0.0.1"
dependencies = [
 "wp-docx",
 "wp-image",
 "wp-text",
]

[[package]]
name = "wp-segment"
version = "0.0.1"

[[package]]
name = "wp-shape"
version = "0.0.1"
dependencies = [
 "wp-font",
]

[[package]]
name = "wp-shell"
version = "0.0.1"
dependencies = [
 "wp-deflate",
 "wp-raster",
]

[[package]]
name = "wp-sign"
version = "0.0.1"
dependencies = [
 "wp-asn1",
 "wp-hash",
 "wp-opc",
 "wp-rsa",
 "wp-text",
 "wp-xml",
]

[[package]]
name = "wp-svg"
version = "0.0.1"
dependencies = [
 "wp-raster",
 "wp-xml",
]

[[package]]
name = "wp-text"
version = "0.0.1"
dependencies = [
 "wp-normal",
]

[[package]]
name = "wp-vba"
version = "0.0.1"
dependencies = [
 "wp-ole",
 "wp-text",
]

[[package]]
name = "wp-xml"
version = "0.0.1"

[[package]]
name = "wp-zip"
version = "0.0.1"
dependencies = [
 "wp-deflate",
]
